
Microsoft Visual Studio Solution File, Format Version 12.00
# Visual Studio Version 17
VisualStudioVersion = 17.13.35931.197
MinimumVisualStudioVersion = 10.0.40219.1
Project("{FAE04EC0-301F-11D3-BF4B-00C04F79EFBC}") = "Tyuiu.NazarovAA.Sprint1.Task0.V5", "Tyuiu.NazarovAA.Sprint1.Task0.V5\Tyuiu.NazarovAA.Sprint1.Task0.V5.csproj", "{8E713C36-02A6-4EA3-92AA-F2FE30E74117}"
EndProject
Project("{FAE04EC0-301F-11D3-BF4B-00C04F79EFBC}") = "Tyuiu.NazarovAA.Sprint1.Task0.V5.Lib", "Tyuiu.NazarovAA.Sprint1.Task0.V5.Lib\Tyuiu.NazarovAA.Sprint1.Task0.V5.Lib.csproj", "{85A09B80-BCF1-46DB-9C95-77AA15351E04}"
EndProject
Project("{FAE04EC0-301F-11D3-BF4B-00C04F79EFBC}") = "Tyuiu.NazarovAA.Sprint1.Task0.V5.Test", "Tyuiu.NazarovAA.Sprint1.Task0.V5.Test\Tyuiu.NazarovAA.Sprint1.Task0.V5.Test.csproj", "{4B3F4F3B-4C5F-4D0F-B4B9-50E5B767D97C}"
EndProject
Project("{2150E333-8FDC-42A3-9474-1A3956D46DE8}") = "Task0", "Task0", "{02EA681E-C7D8-13C7-8484-4AC65E1B71E8}"
EndProject
Project("{2150E333-8FDC-42A3-9474-1A3956D46DE8}") = "Task1", "Task1", "{0B5C2126-82AE-4038-A08E-47F6A69D2C7A}"
EndProject
Project("{FAE04EC0-301F-11D3-BF4B-00C04F79EFBC}") = "Tyuiu.NazarovAA.Sprint1.Task1.V30", "Tyuiu.NazarovAA.Sprint1.Task1.V30\Tyuiu.NazarovAA.Sprint1.Task1.V30.csproj", "{A9880BB3-8CD2-4493-BF06-100218636040}"
EndProject
Project("{FAE04EC0-301F-11D3-BF4B-00C04F79EFBC}") = "Tyuiu.NazarovAA.Sprint1.Task1.V30.Lib", "Tyuiu.NazarovAA.Sprint1.Task1.V30.Lib\Tyuiu.NazarovAA.Sprint1.Task1.V30.Lib.csproj", "{780B07EA-56B6-4EC4-ABB2-1C90ADDA8E1F}"
EndProject
Project("{FAE04EC0-301F-11D3-BF4B-00C04F79EFBC}") = "Tyuiu.NazarovAA.Sprint1.Task1.V30.Test", "Tyuiu.NazarovAA.Sprint1.Task1.V30.Test\Tyuiu.NazarovAA.Sprint1.Task1.V30.Test.csproj", "{A7A7586E-5521-4B8A-980E-4D502C37769D}"
EndProject
Project("{2150E333-8FDC-42A3-9474-1A3956D46DE8}") = "Task2", "Task2", "{26033EDF-7463-42EB-82A9-1C891D52FE5E}"
EndProject
Project("{FAE04EC0-301F-11D3-BF4B-00C04F79EFBC}") = "Tyuiu.NazarovAA.Sprint1.Task2.V7", "Tyuiu.NazarovAA.Sprint1.Task2.V7\Tyuiu.NazarovAA.Sprint1.Task2.V7.csproj", "{5FD5A400-F0DA-484F-96F5-12E92B17DC5D}"
EndProject
Project("{FAE04EC0-301F-11D3-BF4B-00C04F79EFBC}") = "Tyuiu.NazarovAA.Sprint1.Task2.V7.Lib", "Tyuiu.NazarovAA.Sprint1.Task2.V7.Lib\Tyuiu.NazarovAA.Sprint1.Task2.V7.Lib.csproj", "{2432B273-F1C1-444F-BE6F-F57578E1D56C}"
EndProject
Project("{FAE04EC0-301F-11D3-BF4B-00C04F79EFBC}") = "Tyuiu.NazarovAA.Sprint1.Task2.V7.Test", "Tyuiu.NazarovAA.Sprint1.Task2.V7.Test\Tyuiu.NazarovAA.Sprint1.Task2.V7.Test.csproj", "{AF8D8DCC-BDF8-4D86-81B3-16888D429944}"
EndProject
Project("{2150E333-8FDC-42A3-9474-1A3956D46DE8}") = "Task3", "Task3", "{AAED0339-7BD1-448D-8E1B-640C7E8EC1AB}"
EndProject
Project("{FAE04EC0-301F-11D3-BF4B-00C04F79EFBC}") = "Tyuiu.NazarovAA.Sprint1.Task3.V1", "Tyuiu.NazarovAA.Sprint1.Task3.V1\Tyuiu.NazarovAA.Sprint1.Task3.V1.csproj", "{B559F1C8-E71B-4B40-96A3-EFDF44D5231E}"
EndProject
Project("{FAE04EC0-301F-11D3-BF4B-00C04F79EFBC}") = "Tyuiu.NazarovAA.Sprint1.Task3.V1.Lib", "Tyuiu.NazarovAA.Sprint1.Task3.V1.Lib\Tyuiu.NazarovAA.Sprint1.Task3.V1.Lib.csproj", "{38BC2EB5-9439-4C84-8A46-980B606172C8}"
EndProject
Project("{FAE04EC0-301F-11D3-BF4B-00C04F79EFBC}") = "Tyuiu.NazarovAA.Sprint1.Task3.V1.Test", "Tyuiu.NazarovAA.Sprint1.Task3.V1.Test\Tyuiu.NazarovAA.Sprint1.Task3.V1.Test.csproj", "{C5977CCE-56A5-484A-BE95-17D14D7589EA}"
EndProject
Project("{2150E333-8FDC-42A3-9474-1A3956D46DE8}") = "Task4", "Task4", "{12FBC906-27C7-4B82-9939-EE203889E808}"
EndProject
Project("{FAE04EC0-301F-11D3-BF4B-00C04F79EFBC}") = "Tyuiu.NazarovAA.Sprint1.Task4.V10", "Tyuiu.NazarovAA.Sprint1.Task4.V10\Tyuiu.NazarovAA.Sprint1.Task4.V10.csproj", "{5935A3BA-3DCC-4B8A-A839-9F79ABDB1849}"
EndProject
Project("{FAE04EC0-301F-11D3-BF4B-00C04F79EFBC}") = "Tyuiu.NazarovAA.Sprint1.Task4.V10.Lib", "Tyuiu.NazarovAA.Sprint1.Task4.V10.Lib\Tyuiu.NazarovAA.Sprint1.Task4.V10.Lib.csproj", "{904D1F92-8416-4CDF-B36C-A916EFF180C2}"
EndProject
Project("{FAE04EC0-301F-11D3-BF4B-00C04F79EFBC}") = "Tyuiu.NazarovAA.Sprint1.Task4.V10.Test", "Tyuiu.NazarovAA.Sprint1.Task4.V10.Test\Tyuiu.NazarovAA.Sprint1.Task4.V10.Test.csproj", "{0517ED4A-5DC7-4E6D-8CA3-6F833E986F43}"
EndProject
Project("{2150E333-8FDC-42A3-9474-1A3956D46DE8}") = "Task5", "Task5", "{D963A10A-9A20-4295-B59D-9CFD645CD35F}"
EndProject
Project("{FAE04EC0-301F-11D3-BF4B-00C04F79EFBC}") = "Tyuiu.NazarovAA.Sprint1.Task5.V1", "Tyuiu.NazarovAA.Sprint1.Task5.V1\Tyuiu.NazarovAA.Sprint1.Task5.V1.csproj", "{CBE50A8B-74E6-4838-B2FD-382B3CF4BA62}"
EndProject
Project("{FAE04EC0-301F-11D3-BF4B-00C04F79EFBC}") = "Tyuiu.NazarovAA.Sprint1.Task5.V1.Lib", "Tyuiu.NazarovAA.Sprint1.Task5.V1.Lib\Tyuiu.NazarovAA.Sprint1.Task5.V1.Lib.csproj", "{07C78FA6-F93D-44B2-A34F-67AED1208C67}"
EndProject
Project("{FAE04EC0-301F-11D3-BF4B-00C04F79EFBC}") = "Tyuiu.NazarovAA.Sprint1.Task5.V1.Test", "Tyuiu.NazarovAA.Sprint1.Task5.V1.Test\Tyuiu.NazarovAA.Sprint1.Task5.V1.Test.csproj", "{80F6CF0E-F5B5-4BDC-A33E-C4CEB3BC8249}"
EndProject
Project("{2150E333-8FDC-42A3-9474-1A3956D46DE8}") = "Task6", "Task6", "{C07F4232-759B-46A6-A989-27342B771C01}"
EndProject
Project("{FAE04EC0-301F-11D3-BF4B-00C04F79EFBC}") = "Tyuiu.NazarovAA.Sprint1.Task6.V10", "Tyuiu.NazarovAA.Sprint1.Task6.V10\Tyuiu.NazarovAA.Sprint1.Task6.V10.csproj", "{071AECFB-7511-4710-9727-CEF12CDC7F66}"
EndProject
Project("{FAE04EC0-301F-11D3-BF4B-00C04F79EFBC}") = "Tyuiu.NazarovAA.Sprint1.Task6.V10.Lib", "Tyuiu.NazarovAA.Sprint1.Task6.V10.Lib\Tyuiu.NazarovAA.Sprint1.Task6.V10.Lib.csproj", "{FA309F71-BBDF-44C4-A80D-83BE8283D4AB}"
EndProject
Project("{FAE04EC0-301F-11D3-BF4B-00C04F79EFBC}") = "Tyuiu.NazarovAA.Sprint1.Task6.V10.Test", "Tyuiu.NazarovAA.Sprint1.Task6.V10.Test\Tyuiu.NazarovAA.Sprint1.Task6.V10.Test.csproj", "{BAA3173B-435C-4A53-AFF8-1B68D58C4EA5}"
EndProject
Project("{2150E333-8FDC-42A3-9474-1A3956D46DE8}") = "Task7", "Task7", "{F064279F-6701-42EA-BED9-DD6EDC8F17B3}"
EndProject
Project("{FAE04EC0-301F-11D3-BF4B-00C04F79EFBC}") = "Tyuiu.NazarovAA.Sprint1.Task7.V8", "Tyuiu.NazarovAA.Sprint1.Task7.V8\Tyuiu.NazarovAA.Sprint1.Task7.V8.csproj", "{3FDD49E7-9F6E-4274-9D64-30DA5DB56433}"
EndProject
Project("{FAE04EC0-301F-11D3-BF4B-00C04F79EFBC}") = "Tyuiu.NazarovAA.Sprint1.Task7.V8.Lib", "Tyuiu.NazarovAA.Sprint1.Task7.V8.Lib\Tyuiu.NazarovAA.Sprint1.Task7.V8.Lib.csproj", "{0F49637A-57AF-4900-9D86-3AC6E633C6B6}"
EndProject
Project("{FAE04EC0-301F-11D3-BF4B-00C04F79EFBC}") = "Tyuiu.NazarovAA.Sprint1.Task7.V8.Test", "Tyuiu.NazarovAA.Sprint1.Task7.V8.Test\Tyuiu.NazarovAA.Sprint1.Task7.V8.Test.csproj", "{8F30986F-78D4-4E2F-8085-2B0B09E681C1}"
EndProject
Global
	GlobalSection(SolutionConfigurationPlatforms) = preSolution
		Debug|Any CPU = Debug|Any CPU
		Release|Any CPU = Release|Any CPU
	EndGlobalSection
	GlobalSection(ProjectConfigurationPlatforms) = postSolution
		{8E713C36-02A6-4EA3-92AA-F2FE30E74117}.Debug|Any CPU.ActiveCfg = Debug|Any CPU
		{8E713C36-02A6-4EA3-92AA-F2FE30E74117}.Debug|Any CPU.Build.0 = Debug|Any CPU
		{8E713C36-02A6-4EA3-92AA-F2FE30E74117}.Release|Any CPU.ActiveCfg = Release|Any CPU
		{8E713C36-02A6-4EA3-92AA-F2FE30E74117}.Release|Any CPU.Build.0 = Release|Any CPU
		{85A09B80-BCF1-46DB-9C95-77AA15351E04}.Debug|Any CPU.ActiveCfg = Debug|Any CPU
		{85A09B80-BCF1-46DB-9C95-77AA15351E04}.Debug|Any CPU.Build.0 = Debug|Any CPU
		{85A09B80-BCF1-46DB-9C95-77AA15351E04}.Release|Any CPU.ActiveCfg = Release|Any CPU
		{85A09B80-BCF1-46DB-9C95-77AA15351E04}.Release|Any CPU.Build.0 = Release|Any CPU
		{4B3F4F3B-4C5F-4D0F-B4B9-50E5B767D97C}.Debug|Any CPU.ActiveCfg = Debug|Any CPU
		{4B3F4F3B-4C5F-4D0F-B4B9-50E5B767D97C}.Debug|Any CPU.Build.0 = Debug|Any CPU
		{4B3F4F3B-4C5F-4D0F-B4B9-50E5B767D97C}.Release|Any CPU.ActiveCfg = Release|Any CPU
		{4B3F4F3B-4C5F-4D0F-B4B9-50E5B767D97C}.Release|Any CPU.Build.0 = Release|Any CPU
		{A9880BB3-8CD2-4493-BF06-100218636040}.Debug|Any CPU.ActiveCfg = Debug|Any CPU
		{A9880BB3-8CD2-4493-BF06-100218636040}.Debug|Any CPU.Build.0 = Debug|Any CPU
		{A9880BB3-8CD2-4493-BF06-100218636040}.Release|Any CPU.ActiveCfg = Release|Any CPU
		{A9880BB3-8CD2-4493-BF06-100218636040}.Release|Any CPU.Build.0 = Release|Any CPU
		{780B07EA-56B6-4EC4-ABB2-1C90ADDA8E1F}.Debug|Any CPU.ActiveCfg = Debug|Any CPU
		{780B07EA-56B6-4EC4-ABB2-1C90ADDA8E1F}.Debug|Any CPU.Build.0 = Debug|Any CPU
		{780B07EA-56B6-4EC4-ABB2-1C90ADDA8E1F}.Release|Any CPU.ActiveCfg = Release|Any CPU
		{780B07EA-56B6-4EC4-ABB2-1C90ADDA8E1F}.Release|Any CPU.Build.0 = Release|Any CPU
		{A7A7586E-5521-4B8A-980E-4D502C37769D}.Debug|Any CPU.ActiveCfg = Debug|Any CPU
		{A7A7586E-5521-4B8A-980E-4D502C37769D}.Debug|Any CPU.Build.0 = Debug|Any CPU
		{A7A7586E-5521-4B8A-980E-4D502C37769D}.Release|Any CPU.ActiveCfg = Release|Any CPU
		{A7A7586E-5521-4B8A-980E-4D502C37769D}.Release|Any CPU.Build.0 = Release|Any CPU
		{5FD5A400-F0DA-484F-96F5-12E92B17DC5D}.Debug|Any CPU.ActiveCfg = Debug|Any CPU
		{5FD5A400-F0DA-484F-96F5-12E92B17DC5D}.Debug|Any CPU.Build.0 = Debug|Any CPU
		{5FD5A400-F0DA-484F-96F5-12E92B17DC5D}.Release|Any CPU.ActiveCfg = Release|Any CPU
		{5FD5A400-F0DA-484F-96F5-12E92B17DC5D}.Release|Any CPU.Build.0 = Release|Any CPU
		{2432B273-F1C1-444F-BE6F-F57578E1D56C}.Debug|Any CPU.ActiveCfg = Debug|Any CPU
		{2432B273-F1C1-444F-BE6F-F57578E1D56C}.Debug|Any CPU.Build.0 = Debug|Any CPU
		{2432B273-F1C1-444F-BE6F-F57578E1D56C}.Release|Any CPU.ActiveCfg = Release|Any CPU
		{2432B273-F1C1-444F-BE6F-F57578E1D56C}.Release|Any CPU.Build.0 = Release|Any CPU
		{AF8D8DCC-BDF8-4D86-81B3-16888D429944}.Debug|Any CPU.ActiveCfg = Debug|Any CPU
		{AF8D8DCC-BDF8-4D86-81B3-16888D429944}.Debug|Any CPU.Build.0 = Debug|Any CPU
		{AF8D8DCC-BDF8-4D86-81B3-16888D429944}.Release|Any CPU.ActiveCfg = Release|Any CPU
		{AF8D8DCC-BDF8-4D86-81B3-16888D429944}.Release|Any CPU.Build.0 = Release|Any CPU
		{B559F1C8-E71B-4B40-96A3-EFDF44D5231E}.Debug|Any CPU.ActiveCfg = Debug|Any CPU
		{B559F1C8-E71B-4B40-96A3-EFDF44D5231E}.Debug|Any CPU.Build.0 = Debug|Any CPU
		{B559F1C8-E71B-4B40-96A3-EFDF44D5231E}.Release|Any CPU.ActiveCfg = Release|Any CPU
		{B559F1C8-E71B-4B40-96A3-EFDF44D5231E}.Release|Any CPU.Build.0 = Release|Any CPU
		{38BC2EB5-9439-4C84-8A46-980B606172C8}.Debug|Any CPU.ActiveCfg = Debug|Any CPU
		{38BC2EB5-9439-4C84-8A46-980B606172C8}.Debug|Any CPU.Build.0 = Debug|Any CPU
		{38BC2EB5-9439-4C84-8A46-980B606172C8}.Release|Any CPU.ActiveCfg = Release|Any CPU
		{38BC2EB5-9439-4C84-8A46-980B606172C8}.Release|Any CPU.Build.0 = Release|Any CPU
		{C5977CCE-56A5-484A-BE95-17D14D7589EA}.Debug|Any CPU.ActiveCfg = Debug|Any CPU
		{C5977CCE-56A5-484A-BE95-17D14D7589EA}.Debug|Any CPU.Build.0 = Debug|Any CPU
		{C5977CCE-56A5-484A-BE95-17D14D7589EA}.Release|Any CPU.ActiveCfg = Release|Any CPU
		{C5977CCE-56A5-484A-BE95-17D14D7589EA}.Release|Any CPU.Build.0 = Release|Any CPU
		{5935A3BA-3DCC-4B8A-A839-9F79ABDB1849}.Debug|Any CPU.ActiveCfg = Debug|Any CPU
		{5935A3BA-3DCC-4B8A-A839-9F79ABDB1849}.Debug|Any CPU.Build.0 = Debug|Any CPU
		{5935A3BA-3DCC-4B8A-A839-9F79ABDB1849}.Release|Any CPU.ActiveCfg = Release|Any CPU
		{5935A3BA-3DCC-4B8A-A839-9F79ABDB1849}.Release|Any CPU.Build.0 = Release|Any CPU
		{904D1F92-8416-4CDF-B36C-A916EFF180C2}.Debug|Any CPU.ActiveCfg = Debug|Any CPU
		{904D1F92-8416-4CDF-B36C-A916EFF180C2}.Debug|Any CPU.Build.0 = Debug|Any CPU
		{904D1F92-8416-4CDF-B36C-A916EFF180C2}.Release|Any CPU.ActiveCfg = Release|Any CPU
		{904D1F92-8416-4CDF-B36C-A916EFF180C2}.Release|Any CPU.Build.0 = Release|Any CPU
		{0517ED4A-5DC7-4E6D-8CA3-6F833E986F43}.Debug|Any CPU.ActiveCfg = Debug|Any CPU
		{0517ED4A-5DC7-4E6D-8CA3-6F833E986F43}.Debug|Any CPU.Build.0 = Debug|Any CPU
		{0517ED4A-5DC7-4E6D-8CA3-6F833E986F43}.Release|Any CPU.ActiveCfg = Release|Any CPU
		{0517ED4A-5DC7-4E6D-8CA3-6F833E986F43}.Release|Any CPU.Build.0 = Release|Any CPU
		{CBE50A8B-74E6-4838-B2FD-382B3CF4BA62}.Debug|Any CPU.ActiveCfg = Debug|Any CPU
		{CBE50A8B-74E6-4838-B2FD-382B3CF4BA62}.Debug|Any CPU.Build.0 = Debug|Any CPU
		{CBE50A8B-74E6-4838-B2FD-382B3CF4BA62}.Release|Any CPU.ActiveCfg = Release|Any CPU
		{CBE50A8B-74E6-4838-B2FD-382B3CF4BA62}.Release|Any CPU.Build.0 = Release|Any CPU
		{07C78FA6-F93D-44B2-A34F-67AED1208C67}.Debug|Any CPU.ActiveCfg = Debug|Any CPU
		{07C78FA6-F93D-44B2-A34F-67AED1208C67}.Debug|Any CPU.Build.0 = Debug|Any CPU
		{07C78FA6-F93D-44B2-A34F-67AED1208C67}.Release|Any CPU.ActiveCfg = Release|Any CPU
		{07C78FA6-F93D-44B2-A34F-67AED1208C67}.Release|Any CPU.Build.0 = Release|Any CPU
		{80F6CF0E-F5B5-4BDC-A33E-C4CEB3BC8249}.Debug|Any CPU.ActiveCfg = Debug|Any CPU
		{80F6CF0E-F5B5-4BDC-A33E-C4CEB3BC8249}.Debug|Any CPU.Build.0 = Debug|Any CPU
		{80F6CF0E-F5B5-4BDC-A33E-C4CEB3BC8249}.Release|Any CPU.ActiveCfg = Release|Any CPU
		{80F6CF0E-F5B5-4BDC-A33E-C4CEB3BC8249}.Release|Any CPU.Build.0 = Release|Any CPU
		{071AECFB-7511-4710-9727-CEF12CDC7F66}.Debug|Any CPU.ActiveCfg = Debug|Any CPU
		{071AECFB-7511-4710-9727-CEF12CDC7F66}.Debug|Any CPU.Build.0 = Debug|Any CPU
		{071AECFB-7511-4710-9727-CEF12CDC7F66}.Release|Any CPU.ActiveCfg = Release|Any CPU
		{071AECFB-7511-4710-9727-CEF12CDC7F66}.Release|Any CPU.Build.0 = Release|Any CPU
		{FA309F71-BBDF-44C4-A80D-83BE8283D4AB}.Debug|Any CPU.ActiveCfg = Debug|Any CPU
		{FA309F71-BBDF-44C4-A80D-83BE8283D4AB}.Debug|Any CPU.Build.0 = Debug|Any CPU
		{FA309F71-BBDF-44C4-A80D-83BE8283D4AB}.Release|Any CPU.ActiveCfg = Release|Any CPU
		{FA309F71-BBDF-44C4-A80D-83BE8283D4AB}.Release|Any CPU.Build.0 = Release|Any CPU
		{BAA3173B-435C-4A53-AFF8-1B68D58C4EA5}.Debug|Any CPU.ActiveCfg = Debug|Any CPU
		{BAA3173B-435C-4A53-AFF8-1B68D58C4EA5}.Debug|Any CPU.Build.0 = Debug|Any CPU
		{BAA3173B-435C-4A53-AFF8-1B68D58C4EA5}.Release|Any CPU.ActiveCfg = Release|Any CPU
		{BAA3173B-435C-4A53-AFF8-1B68D58C4EA5}.Release|Any CPU.Build.0 = Release|Any CPU
		{3FDD49E7-9F6E-4274-9D64-30DA5DB56433}.Debug|Any CPU.ActiveCfg = Debug|Any CPU
		{3FDD49E7-9F6E-4274-9D64-30DA5DB56433}.Debug|Any CPU.Build.0 = Debug|Any CPU
		{3FDD49E7-9F6E-4274-9D64-30DA5DB56433}.Release|Any CPU.ActiveCfg = Release|Any CPU
		{3FDD49E7-9F6E-4274-9D64-30DA5DB56433}.Release|Any CPU.Build.0 = Release|Any CPU
		{0F49637A-57AF-4900-9D86-3AC6E633C6B6}.Debug|Any CPU.ActiveCfg = Debug|Any CPU
		{0F49637A-57AF-4900-9D86-3AC6E633C6B6}.Debug|Any CPU.Build.0 = Debug|Any CPU
		{0F49637A-57AF-4900-9D86-3AC6E633C6B6}.Release|Any CPU.ActiveCfg = Release|Any CPU
		{0F49637A-57AF-4900-9D86-3AC6E633C6B6}.Release|Any CPU.Build.0 = Release|Any CPU
		{8F30986F-78D4-4E2F-8085-2B0B09E681C1}.Debug|Any CPU.ActiveCfg = Debug|Any CPU
		{8F30986F-78D4-4E2F-8085-2B0B09E681C1}.Debug|Any CPU.Build.0 = Debug|Any CPU
		{8F30986F-78D4-4E2F-8085-2B0B09E681C1}.Release|Any CPU.ActiveCfg = Release|Any CPU
		{8F30986F-78D4-4E2F-8085-2B0B09E681C1}.Release|Any CPU.Build.0 = Release|Any CPU
	EndGlobalSection
	GlobalSection(SolutionProperties) = preSolution
		HideSolutionNode = FALSE
	EndGlobalSection
	GlobalSection(NestedProjects) = preSolution
		{8E713C36-02A6-4EA3-92AA-F2FE30E74117} = {02EA681E-C7D8-13C7-8484-4AC65E1B71E8}
		{85A09B80-BCF1-46DB-9C95-77AA15351E04} = {02EA681E-C7D8-13C7-8484-4AC65E1B71E8}
		{4B3F4F3B-4C5F-4D0F-B4B9-50E5B767D97C} = {02EA681E-C7D8-13C7-8484-4AC65E1B71E8}
		{A9880BB3-8CD2-4493-BF06-100218636040} = {0B5C2126-82AE-4038-A08E-47F6A69D2C7A}
		{780B07EA-56B6-4EC4-ABB2-1C90ADDA8E1F} = {0B5C2126-82AE-4038-A08E-47F6A69D2C7A}
		{A7A7586E-5521-4B8A-980E-4D502C37769D} = {0B5C2126-82AE-4038-A08E-47F6A69D2C7A}
		{5FD5A400-F0DA-484F-96F5-12E92B17DC5D} = {26033EDF-7463-42EB-82A9-1C891D52FE5E}
		{2432B273-F1C1-444F-BE6F-F57578E1D56C} = {26033EDF-7463-42EB-82A9-1C891D52FE5E}
		{AF8D8DCC-BDF8-4D86-81B3-16888D429944} = {26033EDF-7463-42EB-82A9-1C891D52FE5E}
		{B559F1C8-E71B-4B40-96A3-EFDF44D5231E} = {AAED0339-7BD1-448D-8E1B-640C7E8EC1AB}
		{38BC2EB5-9439-4C84-8A46-980B606172C8} = {AAED0339-7BD1-448D-8E1B-640C7E8EC1AB}
		{C5977CCE-56A5-484A-BE95-17D14D7589EA} = {AAED0339-7BD1-448D-8E1B-640C7E8EC1AB}
		{5935A3BA-3DCC-4B8A-A839-9F79ABDB1849} = {12FBC906-27C7-4B82-9939-EE203889E808}
		{904D1F92-8416-4CDF-B36C-A916EFF180C2} = {12FBC906-27C7-4B82-9939-EE203889E808}
		{0517ED4A-5DC7-4E6D-8CA3-6F833E986F43} = {12FBC906-27C7-4B82-9939-EE203889E808}
		{CBE50A8B-74E6-4838-B2FD-382B3CF4BA62} = {D963A10A-9A20-4295-B59D-9CFD645CD35F}
		{07C78FA6-F93D-44B2-A34F-67AED1208C67} = {D963A10A-9A20-4295-B59D-9CFD645CD35F}
		{80F6CF0E-F5B5-4BDC-A33E-C4CEB3BC8249} = {D963A10A-9A20-4295-B59D-9CFD645CD35F}
		{071AECFB-7511-4710-9727-CEF12CDC7F66} = {C07F4232-759B-46A6-A989-27342B771C01}
		{FA309F71-BBDF-44C4-A80D-83BE8283D4AB} = {C07F4232-759B-46A6-A989-27342B771C01}
		{BAA3173B-435C-4A53-AFF8-1B68D58C4EA5} = {C07F4232-759B-46A6-A989-27342B771C01}
		{3FDD49E7-9F6E-4274-9D64-30DA5DB56433} = {F064279F-6701-42EA-BED9-DD6EDC8F17B3}
		{0F49637A-57AF-4900-9D86-3AC6E633C6B6} = {F064279F-6701-42EA-BED9-DD6EDC8F17B3}
		{8F30986F-78D4-4E2F-8085-2B0B09E681C1} = {F064279F-6701-42EA-BED9-DD6EDC8F17B3}
	EndGlobalSection
	GlobalSection(ExtensibilityGlobals) = postSolution
		SolutionGuid = {06E6694F-C2E8-4F85-AE7E-2B5E817403FB}
	EndGlobalSection
EndGlobal
