
Microsoft Visual Studio Solution File, Format Version 12.00
# Visual Studio Version 17
VisualStudioVersion = 17.13.35931.197 d17.13
MinimumVisualStudioVersion = 10.0.40219.1
Project("{FAE04EC0-301F-11D3-BF4B-00C04F79EFBC}") = "Tyuiu.NazarovAA.Sprint1.Task0.V5", "Tyuiu.NazarovAA.Sprint1.Task0.V5\Tyuiu.NazarovAA.Sprint1.Task0.V5.csproj", "{8E713C36-02A6-4EA3-92AA-F2FE30E74117}"
EndProject
Project("{FAE04EC0-301F-11D3-BF4B-00C04F79EFBC}") = "Tyuiu.NazarovAA.Sprint1.Task0.V5.Lib", "Tyuiu.NazarovAA.Sprint1.Task0.V5.Lib\Tyuiu.NazarovAA.Sprint1.Task0.V5.Lib.csproj", "{85A09B80-BCF1-46DB-9C95-77AA15351E04}"
EndProject
Project("{FAE04EC0-301F-11D3-BF4B-00C04F79EFBC}") = "Tyuiu.NazarovAA.Sprint1.Task0.V5.Test", "Tyuiu.NazarovAA.Sprint1.Task0.V5.Test\Tyuiu.NazarovAA.Sprint1.Task0.V5.Test.csproj", "{4B3F4F3B-4C5F-4D0F-B4B9-50E5B767D97C}"
EndProject
Project("{2150E333-8FDC-42A3-9474-1A3956D46DE8}") = "Task0", "Task0", "{02EA681E-C7D8-13C7-8484-4AC65E1B71E8}"
EndProject
Global
	GlobalSection(SolutionConfigurationPlatforms) = preSolution
		Debug|Any CPU = Debug|Any CPU
		Release|Any CPU = Release|Any CPU
	EndGlobalSection
	GlobalSection(ProjectConfigurationPlatforms) = postSolution
		{8E713C36-02A6-4EA3-92AA-F2FE30E74117}.Debug|Any CPU.ActiveCfg = Debug|Any CPU
		{8E713C36-02A6-4EA3-92AA-F2FE30E74117}.Debug|Any CPU.Build.0 = Debug|Any CPU
		{8E713C36-02A6-4EA3-92AA-F2FE30E74117}.Release|Any CPU.ActiveCfg = Release|Any CPU
		{8E713C36-02A6-4EA3-92AA-F2FE30E74117}.Release|Any CPU.Build.0 = Release|Any CPU
		{85A09B80-BCF1-46DB-9C95-77AA15351E04}.Debug|Any CPU.ActiveCfg = Debug|Any CPU
		{85A09B80-BCF1-46DB-9C95-77AA15351E04}.Debug|Any CPU.Build.0 = Debug|Any CPU
		{85A09B80-BCF1-46DB-9C95-77AA15351E04}.Release|Any CPU.ActiveCfg = Release|Any CPU
		{85A09B80-BCF1-46DB-9C95-77AA15351E04}.Release|Any CPU.Build.0 = Release|Any CPU
		{4B3F4F3B-4C5F-4D0F-B4B9-50E5B767D97C}.Debug|Any CPU.ActiveCfg = Debug|Any CPU
		{4B3F4F3B-4C5F-4D0F-B4B9-50E5B767D97C}.Debug|Any CPU.Build.0 = Debug|Any CPU
		{4B3F4F3B-4C5F-4D0F-B4B9-50E5B767D97C}.Release|Any CPU.ActiveCfg = Release|Any CPU
		{4B3F4F3B-4C5F-4D0F-B4B9-50E5B767D97C}.Release|Any CPU.Build.0 = Release|Any CPU
	EndGlobalSection
	GlobalSection(SolutionProperties) = preSolution
		HideSolutionNode = FALSE
	EndGlobalSection
	GlobalSection(NestedProjects) = preSolution
		{8E713C36-02A6-4EA3-92AA-F2FE30E74117} = {02EA681E-C7D8-13C7-8484-4AC65E1B71E8}
		{85A09B80-BCF1-46DB-9C95-77AA15351E04} = {02EA681E-C7D8-13C7-8484-4AC65E1B71E8}
		{4B3F4F3B-4C5F-4D0F-B4B9-50E5B767D97C} = {02EA681E-C7D8-13C7-8484-4AC65E1B71E8}
	EndGlobalSection
	GlobalSection(ExtensibilityGlobals) = postSolution
		SolutionGuid = {06E6694F-C2E8-4F85-AE7E-2B5E817403FB}
	EndGlobalSection
EndGlobal
